// !$*UTF8*$!
{
	archiveVersion = 1;
	classes = {
	};
	objectVersion = 56;
	objects = {

/* Begin PBXBuildFile section */
		FA3AB5212ADD41A0003F6142 /* Onboarding2.swift in Sources */ = {isa = PBXBuildFile; fileRef = FA3AB5202ADD41A0003F6142 /* Onboarding2.swift */; };
		FA3AB5232ADD515F003F6142 /* Onboarding3.swift in Sources */ = {isa = PBXBuildFile; fileRef = FA3AB5222ADD515F003F6142 /* Onboarding3.swift */; };
		FA3AB5252ADD5198003F6142 /* Onboarding4.swift in Sources */ = {isa = PBXBuildFile; fileRef = FA3AB5242ADD5198003F6142 /* Onboarding4.swift */; };
		FA3AB5272ADD51A2003F6142 /* Onboarding5.swift in Sources */ = {isa = PBXBuildFile; fileRef = FA3AB5262ADD51A2003F6142 /* Onboarding5.swift */; };
		FA3AB5292ADD685A003F6142 /* OnboardingProtocol.swift in Sources */ = {isa = PBXBuildFile; fileRef = FA3AB5282ADD685A003F6142 /* OnboardingProtocol.swift */; };
		FA3AB52D2ADD745D003F6142 /* Inter-Medium.ttf in Resources */ = {isa = PBXBuildFile; fileRef = FA3AB52A2ADD745D003F6142 /* Inter-Medium.ttf */; };
		FA3AB52E2ADD745D003F6142 /* Inter-SemiBold.ttf in Resources */ = {isa = PBXBuildFile; fileRef = FA3AB52B2ADD745D003F6142 /* Inter-SemiBold.ttf */; };
		FA3AB52F2ADD745D003F6142 /* Inter-Bold.ttf in Resources */ = {isa = PBXBuildFile; fileRef = FA3AB52C2ADD745D003F6142 /* Inter-Bold.ttf */; };
		FA5AB8E52ADC03FB000679FB /* AppDelegate.swift in Sources */ = {isa = PBXBuildFile; fileRef = FA5AB8E42ADC03FB000679FB /* AppDelegate.swift */; };
		FA5AB8E92ADC03FB000679FB /* Onboarding1.swift in Sources */ = {isa = PBXBuildFile; fileRef = FA5AB8E82ADC03FB000679FB /* Onboarding1.swift */; };
		FA5AB8EE2ADC03FC000679FB /* Assets.xcassets in Resources */ = {isa = PBXBuildFile; fileRef = FA5AB8ED2ADC03FC000679FB /* Assets.xcassets */; };
		FA5AB8F12ADC03FC000679FB /* LaunchScreen.storyboard in Resources */ = {isa = PBXBuildFile; fileRef = FA5AB8EF2ADC03FC000679FB /* LaunchScreen.storyboard */; };
		FA5AB8FA2ADC0801000679FB /* SnapKit in Frameworks */ = {isa = PBXBuildFile; productRef = FA5AB8F92ADC0801000679FB /* SnapKit */; };
		FA5AB8FC2ADC0A02000679FB /* Factories.swift in Sources */ = {isa = PBXBuildFile; fileRef = FA5AB8FB2ADC0A02000679FB /* Factories.swift */; };
		FA5AB8FF2ADC115D000679FB /* UIView + Extensions.swift in Sources */ = {isa = PBXBuildFile; fileRef = FA5AB8FE2ADC115D000679FB /* UIView + Extensions.swift */; };
/* End PBXBuildFile section */

/* Begin PBXFileReference section */
		FA3AB5202ADD41A0003F6142 /* Onboarding2.swift */ = {isa = PBXFileReference; lastKnownFileType = sourcecode.swift; path = Onboarding2.swift; sourceTree = "<group>"; };
		FA3AB5222ADD515F003F6142 /* Onboarding3.swift */ = {isa = PBXFileReference; lastKnownFileType = sourcecode.swift; path = Onboarding3.swift; sourceTree = "<group>"; };
		FA3AB5242ADD5198003F6142 /* Onboarding4.swift */ = {isa = PBXFileReference; lastKnownFileType = sourcecode.swift; path = Onboarding4.swift; sourceTree = "<group>"; };
		FA3AB5262ADD51A2003F6142 /* Onboarding5.swift */ = {isa = PBXFileReference; lastKnownFileType = sourcecode.swift; path = Onboarding5.swift; sourceTree = "<group>"; };
		FA3AB5282ADD685A003F6142 /* OnboardingProtocol.swift */ = {isa = PBXFileReference; lastKnownFileType = sourcecode.swift; path = OnboardingProtocol.swift; sourceTree = "<group>"; };
		FA3AB52A2ADD745D003F6142 /* Inter-Medium.ttf */ = {isa = PBXFileReference; lastKnownFileType = file; path = "Inter-Medium.ttf"; sourceTree = "<group>"; };
		FA3AB52B2ADD745D003F6142 /* Inter-SemiBold.ttf */ = {isa = PBXFileReference; lastKnownFileType = file; path = "Inter-SemiBold.ttf"; sourceTree = "<group>"; };
		FA3AB52C2ADD745D003F6142 /* Inter-Bold.ttf */ = {isa = PBXFileReference; lastKnownFileType = file; path = "Inter-Bold.ttf"; sourceTree = "<group>"; };
		FA5AB8E12ADC03FB000679FB /* uiview.app */ = {isa = PBXFileReference; explicitFileType = wrapper.application; includeInIndex = 0; path = uiview.app; sourceTree = BUILT_PRODUCTS_DIR; };
		FA5AB8E42ADC03FB000679FB /* AppDelegate.swift */ = {isa = PBXFileReference; lastKnownFileType = sourcecode.swift; path = AppDelegate.swift; sourceTree = "<group>"; };
		FA5AB8E82ADC03FB000679FB /* Onboarding1.swift */ = {isa = PBXFileReference; lastKnownFileType = sourcecode.swift; path = Onboarding1.swift; sourceTree = "<group>"; };
		FA5AB8ED2ADC03FC000679FB /* Assets.xcassets */ = {isa = PBXFileReference; lastKnownFileType = folder.assetcatalog; path = Assets.xcassets; sourceTree = "<group>"; };
		FA5AB8F02ADC03FC000679FB /* Base */ = {isa = PBXFileReference; lastKnownFileType = file.storyboard; name = Base; path = Base.lproj/LaunchScreen.storyboard; sourceTree = "<group>"; };
		FA5AB8F22ADC03FC000679FB /* Info.plist */ = {isa = PBXFileReference; lastKnownFileType = text.plist.xml; path = Info.plist; sourceTree = "<group>"; };
		FA5AB8FB2ADC0A02000679FB /* Factories.swift */ = {isa = PBXFileReference; lastKnownFileType = sourcecode.swift; path = Factories.swift; sourceTree = "<group>"; };
		FA5AB8FE2ADC115D000679FB /* UIView + Extensions.swift */ = {isa = PBXFileReference; lastKnownFileType = sourcecode.swift; path = "UIView + Extensions.swift"; sourceTree = "<group>"; };
/* End PBXFileReference section */

/* Begin PBXFrameworksBuildPhase section */
		FA5AB8DE2ADC03FB000679FB /* Frameworks */ = {
			isa = PBXFrameworksBuildPhase;
			buildActionMask = 2147483647;
			files = (
				FA5AB8FA2ADC0801000679FB /* SnapKit in Frameworks */,
			);
			runOnlyForDeploymentPostprocessing = 0;
		};
/* End PBXFrameworksBuildPhase section */

/* Begin PBXGroup section */
		FA3AB5112ADC3427003F6142 /* Onboarding */ = {
			isa = PBXGroup;
			children = (
				FA5AB8E82ADC03FB000679FB /* Onboarding1.swift */,
				FA3AB5202ADD41A0003F6142 /* Onboarding2.swift */,
				FA3AB5222ADD515F003F6142 /* Onboarding3.swift */,
				FA3AB5242ADD5198003F6142 /* Onboarding4.swift */,
				FA3AB5262ADD51A2003F6142 /* Onboarding5.swift */,
				FA3AB5282ADD685A003F6142 /* OnboardingProtocol.swift */,
			);
			path = Onboarding;
			sourceTree = "<group>";
		};
		FA3AB5142ADC3897003F6142 /* Fonts */ = {
			isa = PBXGroup;
			children = (
				FA3AB52C2ADD745D003F6142 /* Inter-Bold.ttf */,
				FA3AB52A2ADD745D003F6142 /* Inter-Medium.ttf */,
				FA3AB52B2ADD745D003F6142 /* Inter-SemiBold.ttf */,
			);
			path = Fonts;
			sourceTree = "<group>";
		};
		FA5AB8D82ADC03FB000679FB = {
			isa = PBXGroup;
			children = (
				FA5AB8E32ADC03FB000679FB /* uiview */,
				FA5AB8E22ADC03FB000679FB /* Products */,
			);
			sourceTree = "<group>";
		};
		FA5AB8E22ADC03FB000679FB /* Products */ = {
			isa = PBXGroup;
			children = (
				FA5AB8E12ADC03FB000679FB /* uiview.app */,
			);
			name = Products;
			sourceTree = "<group>";
		};
		FA5AB8E32ADC03FB000679FB /* uiview */ = {
			isa = PBXGroup;
			children = (
				FA3AB5142ADC3897003F6142 /* Fonts */,
				FA3AB5112ADC3427003F6142 /* Onboarding */,
				FA5AB8FD2ADC0C51000679FB /* Extensions */,
				FA5AB8E42ADC03FB000679FB /* AppDelegate.swift */,
				FA5AB8ED2ADC03FC000679FB /* Assets.xcassets */,
				FA5AB8EF2ADC03FC000679FB /* LaunchScreen.storyboard */,
				FA5AB8F22ADC03FC000679FB /* Info.plist */,
				FA5AB8FB2ADC0A02000679FB /* Factories.swift */,
			);
			path = uiview;
			sourceTree = "<group>";
		};
		FA5AB8FD2ADC0C51000679FB /* Extensions */ = {
			isa = PBXGroup;
			children = (
				FA5AB8FE2ADC115D000679FB /* UIView + Extensions.swift */,
			);
			path = Extensions;
			sourceTree = "<group>";
		};
/* End PBXGroup section */

/* Begin PBXNativeTarget section */
		FA5AB8E02ADC03FB000679FB /* uiview */ = {
			isa = PBXNativeTarget;
			buildConfigurationList = FA5AB8F52ADC03FC000679FB /* Build configuration list for PBXNativeTarget "uiview" */;
			buildPhases = (
				FA5AB8DD2ADC03FB000679FB /* Sources */,
				FA5AB8DE2ADC03FB000679FB /* Frameworks */,
				FA5AB8DF2ADC03FB000679FB /* Resources */,
			);
			buildRules = (
			);
			dependencies = (
			);
			name = uiview;
			packageProductDependencies = (
				FA5AB8F92ADC0801000679FB /* SnapKit */,
			);
			productName = uiview;
			productReference = FA5AB8E12ADC03FB000679FB /* uiview.app */;
			productType = "com.apple.product-type.application";
		};
/* End PBXNativeTarget section */

/* Begin PBXProject section */
		FA5AB8D92ADC03FB000679FB /* Project object */ = {
			isa = PBXProject;
			attributes = {
				BuildIndependentTargetsInParallel = 1;
				LastSwiftUpdateCheck = 1500;
				LastUpgradeCheck = 1500;
				TargetAttributes = {
					FA5AB8E02ADC03FB000679FB = {
						CreatedOnToolsVersion = 15.0;
					};
				};
			};
			buildConfigurationList = FA5AB8DC2ADC03FB000679FB /* Build configuration list for PBXProject "uiview" */;
			compatibilityVersion = "Xcode 14.0";
			developmentRegion = en;
			hasScannedForEncodings = 0;
			knownRegions = (
				en,
				Base,
			);
			mainGroup = FA5AB8D82ADC03FB000679FB;
			packageReferences = (
				FA5AB8F82ADC0801000679FB /* XCRemoteSwiftPackageReference "SnapKit" */,
			);
			productRefGroup = FA5AB8E22ADC03FB000679FB /* Products */;
			projectDirPath = "";
			projectRoot = "";
			targets = (
				FA5AB8E02ADC03FB000679FB /* uiview */,
			);
		};
/* End PBXProject section */

/* Begin PBXResourcesBuildPhase section */
		FA5AB8DF2ADC03FB000679FB /* Resources */ = {
			isa = PBXResourcesBuildPhase;
			buildActionMask = 2147483647;
			files = (
				FA3AB52E2ADD745D003F6142 /* Inter-SemiBold.ttf in Resources */,
				FA3AB52F2ADD745D003F6142 /* Inter-Bold.ttf in Resources */,
				FA5AB8F12ADC03FC000679FB /* LaunchScreen.storyboard in Resources */,
				FA5AB8EE2ADC03FC000679FB /* Assets.xcassets in Resources */,
				FA3AB52D2ADD745D003F6142 /* Inter-Medium.ttf in Resources */,
			);
			runOnlyForDeploymentPostprocessing = 0;
		};
/* End PBXResourcesBuildPhase section */

/* Begin PBXSourcesBuildPhase section */
		FA5AB8DD2ADC03FB000679FB /* Sources */ = {
			isa = PBXSourcesBuildPhase;
			buildActionMask = 2147483647;
			files = (
				FA3AB5252ADD5198003F6142 /* Onboarding4.swift in Sources */,
				FA5AB8FF2ADC115D000679FB /* UIView + Extensions.swift in Sources */,
				FA3AB5272ADD51A2003F6142 /* Onboarding5.swift in Sources */,
				FA5AB8FC2ADC0A02000679FB /* Factories.swift in Sources */,
				FA3AB5292ADD685A003F6142 /* OnboardingProtocol.swift in Sources */,
				FA5AB8E92ADC03FB000679FB /* Onboarding1.swift in Sources */,
				FA5AB8E52ADC03FB000679FB /* AppDelegate.swift in Sources */,
				FA3AB5232ADD515F003F6142 /* Onboarding3.swift in Sources */,
				FA3AB5212ADD41A0003F6142 /* Onboarding2.swift in Sources */,
			);
			runOnlyForDeploymentPostprocessing = 0;
		};
/* End PBXSourcesBuildPhase section */

/* Begin PBXVariantGroup section */
		FA5AB8EF2ADC03FC000679FB /* LaunchScreen.storyboard */ = {
			isa = PBXVariantGroup;
			children = (
				FA5AB8F02ADC03FC000679FB /* Base */,
			);
			name = LaunchScreen.storyboard;
			sourceTree = "<group>";
		};
/* End PBXVariantGroup section */

/* Begin XCBuildConfiguration section */
		FA5AB8F32ADC03FC000679FB /* Debug */ = {
			isa = XCBuildConfiguration;
			buildSettings = {
				ALWAYS_SEARCH_USER_PATHS = NO;
				ASSETCATALOG_COMPILER_GENERATE_SWIFT_ASSET_SYMBOL_EXTENSIONS = YES;
				CLANG_ANALYZER_NONNULL = YES;
				CLANG_ANALYZER_NUMBER_OBJECT_CONVERSION = YES_AGGRESSIVE;
				CLANG_CXX_LANGUAGE_STANDARD = "gnu++20";
				CLANG_ENABLE_MODULES = YES;
				CLANG_ENABLE_OBJC_ARC = YES;
				CLANG_ENABLE_OBJC_WEAK = YES;
				CLANG_WARN_BLOCK_CAPTURE_AUTORELEASING = YES;
				CLANG_WARN_BOOL_CONVERSION = YES;
				CLANG_WARN_COMMA = YES;
				CLANG_WARN_CONSTANT_CONVERSION = YES;
				CLANG_WARN_DEPRECATED_OBJC_IMPLEMENTATIONS = YES;
				CLANG_WARN_DIRECT_OBJC_ISA_USAGE = YES_ERROR;
				CLANG_WARN_DOCUMENTATION_COMMENTS = YES;
				CLANG_WARN_EMPTY_BODY = YES;
				CLANG_WARN_ENUM_CONVERSION = YES;
				CLANG_WARN_INFINITE_RECURSION = YES;
				CLANG_WARN_INT_CONVERSION = YES;
				CLANG_WARN_NON_LITERAL_NULL_CONVERSION = YES;
				CLANG_WARN_OBJC_IMPLICIT_RETAIN_SELF = YES;
				CLANG_WARN_OBJC_LITERAL_CONVERSION = YES;
				CLANG_WARN_OBJC_ROOT_CLASS = YES_ERROR;
				CLANG_WARN_QUOTED_INCLUDE_IN_FRAMEWORK_HEADER = YES;
				CLANG_WARN_RANGE_LOOP_ANALYSIS = YES;
				CLANG_WARN_STRICT_PROTOTYPES = YES;
				CLANG_WARN_SUSPICIOUS_MOVE = YES;
				CLANG_WARN_UNGUARDED_AVAILABILITY = YES_AGGRESSIVE;
				CLANG_WARN_UNREACHABLE_CODE = YES;
				CLANG_WARN__DUPLICATE_METHOD_MATCH = YES;
				COPY_PHASE_STRIP = NO;
				DEBUG_INFORMATION_FORMAT = dwarf;
				ENABLE_STRICT_OBJC_MSGSEND = YES;
				ENABLE_TESTABILITY = YES;
				ENABLE_USER_SCRIPT_SANDBOXING = YES;
				GCC_C_LANGUAGE_STANDARD = gnu17;
				GCC_DYNAMIC_NO_PIC = NO;
				GCC_NO_COMMON_BLOCKS = YES;
				GCC_OPTIMIZATION_LEVEL = 0;
				GCC_PREPROCESSOR_DEFINITIONS = (
					"DEBUG=1",
					"$(inherited)",
				);
				GCC_WARN_64_TO_32_BIT_CONVERSION = YES;
				GCC_WARN_ABOUT_RETURN_TYPE = YES_ERROR;
				GCC_WARN_UNDECLARED_SELECTOR = YES;
				GCC_WARN_UNINITIALIZED_AUTOS = YES_AGGRESSIVE;
				GCC_WARN_UNUSED_FUNCTION = YES;
				GCC_WARN_UNUSED_VARIABLE = YES;
				IPHONEOS_DEPLOYMENT_TARGET = 17.0;
				LOCALIZATION_PREFERS_STRING_CATALOGS = YES;
				MTL_ENABLE_DEBUG_INFO = INCLUDE_SOURCE;
				MTL_FAST_MATH = YES;
				ONLY_ACTIVE_ARCH = YES;
				SDKROOT = iphoneos;
				SWIFT_ACTIVE_COMPILATION_CONDITIONS = "DEBUG $(inherited)";
				SWIFT_OPTIMIZATION_LEVEL = "-Onone";
			};
			name = Debug;
		};
		FA5AB8F42ADC03FC000679FB /* Release */ = {
			isa = XCBuildConfiguration;
			buildSettings = {
				ALWAYS_SEARCH_USER_PATHS = NO;
				ASSETCATALOG_COMPILER_GENERATE_SWIFT_ASSET_SYMBOL_EXTENSIONS = YES;
				CLANG_ANALYZER_NONNULL = YES;
				CLANG_ANALYZER_NUMBER_OBJECT_CONVERSION = YES_AGGRESSIVE;
				CLANG_CXX_LANGUAGE_STANDARD = "gnu++20";
				CLANG_ENABLE_MODULES = YES;
				CLANG_ENABLE_OBJC_ARC = YES;
				CLANG_ENABLE_OBJC_WEAK = YES;
				CLANG_WARN_BLOCK_CAPTURE_AUTORELEASING = YES;
				CLANG_WARN_BOOL_CONVERSION = YES;
				CLANG_WARN_COMMA = YES;
				CLANG_WARN_CONSTANT_CONVERSION = YES;
				CLANG_WARN_DEPRECATED_OBJC_IMPLEMENTATIONS = YES;
				CLANG_WARN_DIRECT_OBJC_ISA_USAGE = YES_ERROR;
				CLANG_WARN_DOCUMENTATION_COMMENTS = YES;
				CLANG_WARN_EMPTY_BODY = YES;
				CLANG_WARN_ENUM_CONVERSION = YES;
				CLANG_WARN_INFINITE_RECURSION = YES;
				CLANG_WARN_INT_CONVERSION = YES;
				CLANG_WARN_NON_LITERAL_NULL_CONVERSION = YES;
				CLANG_WARN_OBJC_IMPLICIT_RETAIN_SELF = YES;
				CLANG_WARN_OBJC_LITERAL_CONVERSION = YES;
				CLANG_WARN_OBJC_ROOT_CLASS = YES_ERROR;
				CLANG_WARN_QUOTED_INCLUDE_IN_FRAMEWORK_HEADER = YES;
				CLANG_WARN_RANGE_LOOP_ANALYSIS = YES;
				CLANG_WARN_STRICT_PROTOTYPES = YES;
				CLANG_WARN_SUSPICIOUS_MOVE = YES;
				CLANG_WARN_UNGUARDED_AVAILABILITY = YES_AGGRESSIVE;
				CLANG_WARN_UNREACHABLE_CODE = YES;
				CLANG_WARN__DUPLICATE_METHOD_MATCH = YES;
				COPY_PHASE_STRIP = NO;
				DEBUG_INFORMATION_FORMAT = "dwarf-with-dsym";
				ENABLE_NS_ASSERTIONS = NO;
				ENABLE_STRICT_OBJC_MSGSEND = YES;
				ENABLE_USER_SCRIPT_SANDBOXING = YES;
				GCC_C_LANGUAGE_STANDARD = gnu17;
				GCC_NO_COMMON_BLOCKS = YES;
				GCC_WARN_64_TO_32_BIT_CONVERSION = YES;
				GCC_WARN_ABOUT_RETURN_TYPE = YES_ERROR;
				GCC_WARN_UNDECLARED_SELECTOR = YES;
				GCC_WARN_UNINITIALIZED_AUTOS = YES_AGGRESSIVE;
				GCC_WARN_UNUSED_FUNCTION = YES;
				GCC_WARN_UNUSED_VARIABLE = YES;
				IPHONEOS_DEPLOYMENT_TARGET = 17.0;
				LOCALIZATION_PREFERS_STRING_CATALOGS = YES;
				MTL_ENABLE_DEBUG_INFO = NO;
				MTL_FAST_MATH = YES;
				SDKROOT = iphoneos;
				SWIFT_COMPILATION_MODE = wholemodule;
				VALIDATE_PRODUCT = YES;
			};
			name = Release;
		};
		FA5AB8F62ADC03FC000679FB /* Debug */ = {
			isa = XCBuildConfiguration;
			buildSettings = {
				ASSETCATALOG_COMPILER_APPICON_NAME = AppIcon;
				ASSETCATALOG_COMPILER_GLOBAL_ACCENT_COLOR_NAME = AccentColor;
				CODE_SIGN_STYLE = Automatic;
				CURRENT_PROJECT_VERSION = 1;
				DEVELOPMENT_TEAM = CV7J7FRK2Y;
				GENERATE_INFOPLIST_FILE = YES;
				INFOPLIST_FILE = uiview/Info.plist;
				INFOPLIST_KEY_UIApplicationSupportsIndirectInputEvents = YES;
				INFOPLIST_KEY_UILaunchStoryboardName = LaunchScreen;
				INFOPLIST_KEY_UISupportedInterfaceOrientations_iPad = "UIInterfaceOrientationPortrait UIInterfaceOrientationPortraitUpsideDown UIInterfaceOrientationLandscapeLeft UIInterfaceOrientationLandscapeRight";
				INFOPLIST_KEY_UISupportedInterfaceOrientations_iPhone = "UIInterfaceOrientationPortrait UIInterfaceOrientationLandscapeLeft UIInterfaceOrientationLandscapeRight";
				LD_RUNPATH_SEARCH_PATHS = (
					"$(inherited)",
					"@executable_path/Frameworks",
				);
				MARKETING_VERSION = 1.0;
				PRODUCT_BUNDLE_IDENTIFIER = "POPOV-ALEKSANDR.uiview";
				PRODUCT_NAME = "$(TARGET_NAME)";
				SWIFT_EMIT_LOC_STRINGS = YES;
				SWIFT_VERSION = 5.0;
				TARGETED_DEVICE_FAMILY = "1,2";
			};
			name = Debug;
		};
		FA5AB8F72ADC03FC000679FB /* Release */ = {
			isa = XCBuildConfiguration;
			buildSettings = {
				ASSETCATALOG_COMPILER_APPICON_NAME = AppIcon;
				ASSETCATALOG_COMPILER_GLOBAL_ACCENT_COLOR_NAME = AccentColor;
				CODE_SIGN_STYLE = Automatic;
				CURRENT_PROJECT_VERSION = 1;
				DEVELOPMENT_TEAM = CV7J7FRK2Y;
				GENERATE_INFOPLIST_FILE = YES;
				INFOPLIST_FILE = uiview/Info.plist;
				INFOPLIST_KEY_UIApplicationSupportsIndirectInputEvents = YES;
				INFOPLIST_KEY_UILaunchStoryboardName = LaunchScreen;
				INFOPLIST_KEY_UISupportedInterfaceOrientations_iPad = "UIInterfaceOrientationPortrait UIInterfaceOrientationPortraitUpsideDown UIInterfaceOrientationLandscapeLeft UIInterfaceOrientationLandscapeRight";
				INFOPLIST_KEY_UISupportedInterfaceOrientations_iPhone = "UIInterfaceOrientationPortrait UIInterfaceOrientationLandscapeLeft UIInterfaceOrientationLandscapeRight";
				LD_RUNPATH_SEARCH_PATHS = (
					"$(inherited)",
					"@executable_path/Frameworks",
				);
				MARKETING_VERSION = 1.0;
				PRODUCT_BUNDLE_IDENTIFIER = "POPOV-ALEKSANDR.uiview";
				PRODUCT_NAME = "$(TARGET_NAME)";
				SWIFT_EMIT_LOC_STRINGS = YES;
				SWIFT_VERSION = 5.0;
				TARGETED_DEVICE_FAMILY = "1,2";
			};
			name = Release;
		};
/* End XCBuildConfiguration section */

/* Begin XCConfigurationList section */
		FA5AB8DC2ADC03FB000679FB /* Build configuration list for PBXProject "uiview" */ = {
			isa = XCConfigurationList;
			buildConfigurations = (
				FA5AB8F32ADC03FC000679FB /* Debug */,
				FA5AB8F42ADC03FC000679FB /* Release */,
			);
			defaultConfigurationIsVisible = 0;
			defaultConfigurationName = Release;
		};
		FA5AB8F52ADC03FC000679FB /* Build configuration list for PBXNativeTarget "uiview" */ = {
			isa = XCConfigurationList;
			buildConfigurations = (
				FA5AB8F62ADC03FC000679FB /* Debug */,
				FA5AB8F72ADC03FC000679FB /* Release */,
			);
			defaultConfigurationIsVisible = 0;
			defaultConfigurationName = Release;
		};
/* End XCConfigurationList section */

/* Begin XCRemoteSwiftPackageReference section */
		FA5AB8F82ADC0801000679FB /* XCRemoteSwiftPackageReference "SnapKit" */ = {
			isa = XCRemoteSwiftPackageReference;
			repositoryURL = "https://github.com/SnapKit/SnapKit.git";
			requirement = {
				kind = upToNextMajorVersion;
				minimumVersion = 5.6.0;
			};
		};
/* End XCRemoteSwiftPackageReference section */

/* Begin XCSwiftPackageProductDependency section */
		FA5AB8F92ADC0801000679FB /* SnapKit */ = {
			isa = XCSwiftPackageProductDependency;
			package = FA5AB8F82ADC0801000679FB /* XCRemoteSwiftPackageReference "SnapKit" */;
			productName = SnapKit;
		};
/* End XCSwiftPackageProductDependency section */
	};
	rootObject = FA5AB8D92ADC03FB000679FB /* Project object */;
}
